// !$*UTF8*$!
{
	archiveVersion = 1;
	classes = {
	};
	objectVersion = 46;
	objects = {

/* Begin PBXBuildFile section */
		BB3C175A1A82126A000BA901 /* main.m in Sources */ = {isa = PBXBuildFile; fileRef = BB3C17591A82126A000BA901 /* main.m */; };
		BB3C175D1A82126A000BA901 /* AppDelegate.m in Sources */ = {isa = PBXBuildFile; fileRef = BB3C175C1A82126A000BA901 /* AppDelegate.m */; };
		BB3C17601A82126A000BA901 /* ViewController.m in Sources */ = {isa = PBXBuildFile; fileRef = BB3C175F1A82126A000BA901 /* ViewController.m */; };
		BB3C17631A82126A000BA901 /* Main.storyboard in Resources */ = {isa = PBXBuildFile; fileRef = BB3C17611A82126A000BA901 /* Main.storyboard */; };
		BB3C17651A82126A000BA901 /* Images.xcassets in Resources */ = {isa = PBXBuildFile; fileRef = BB3C17641A82126A000BA901 /* Images.xcassets */; };
		BB3C17681A82126A000BA901 /* LaunchScreen.xib in Resources */ = {isa = PBXBuildFile; fileRef = BB3C17661A82126A000BA901 /* LaunchScreen.xib */; };
		BB3C17741A82126A000BA901 /* GestureLockTests.m in Sources */ = {isa = PBXBuildFile; fileRef = BB3C17731A82126A000BA901 /* GestureLockTests.m */; };
/* End PBXBuildFile section */

/* Begin PBXContainerItemProxy section */
		BB3C176E1A82126A000BA901 /* PBXContainerItemProxy */ = {
			isa = PBXContainerItemProxy;
			containerPortal = BB3C174C1A82126A000BA901 /* Project object */;
			proxyType = 1;
			remoteGlobalIDString = BB3C17531A82126A000BA901;
			remoteInfo = GestureLock;
		};
/* End PBXContainerItemProxy section */

/* Begin PBXFileReference section */
		BB3C17541A82126A000BA901 /* GestureLock.app */ = {isa = PBXFileReference; explicitFileType = wrapper.application; includeInIndex = 0; path = GestureLock.app; sourceTree = BUILT_PRODUCTS_DIR; };
		BB3C17581A82126A000BA901 /* Info.plist */ = {isa = PBXFileReference; lastKnownFileType = text.plist.xml; path = Info.plist; sourceTree = "<group>"; };
		BB3C17591A82126A000BA901 /* main.m */ = {isa = PBXFileReference; lastKnownFileType = sourcecode.c.objc; path = main.m; sourceTree = "<group>"; };
		BB3C175B1A82126A000BA901 /* AppDelegate.h */ = {isa = PBXFileReference; lastKnownFileType = sourcecode.c.h; path = AppDelegate.h; sourceTree = "<group>"; };
		BB3C175C1A82126A000BA901 /* AppDelegate.m */ = {isa = PBXFileReference; lastKnownFileType = sourcecode.c.objc; path = AppDelegate.m; sourceTree = "<group>"; };
		BB3C175E1A82126A000BA901 /* ViewController.h */ = {isa = PBXFileReference; lastKnownFileType = sourcecode.c.h; path = ViewController.h; sourceTree = "<group>"; };
		BB3C175F1A82126A000BA901 /* ViewController.m */ = {isa = PBXFileReference; lastKnownFileType = sourcecode.c.objc; path = ViewController.m; sourceTree = "<group>"; };
		BB3C17621A82126A000BA901 /* Base */ = {isa = PBXFileReference; lastKnownFileType = file.storyboard; name = Base; path = Base.lproj/Main.storyboard; sourceTree = "<group>"; };
		BB3C17641A82126A000BA901 /* Images.xcassets */ = {isa = PBXFileReference; lastKnownFileType = folder.assetcatalog; path = Images.xcassets; sourceTree = "<group>"; };
		BB3C17671A82126A000BA901 /* Base */ = {isa = PBXFileReference; lastKnownFileType = file.xib; name = Base; path = Base.lproj/LaunchScreen.xib; sourceTree = "<group>"; };
		BB3C176D1A82126A000BA901 /* GestureLockTests.xctest */ = {isa = PBXFileReference; explicitFileType = wrapper.cfbundle; includeInIndex = 0; path = GestureLockTests.xctest; sourceTree = BUILT_PRODUCTS_DIR; };
		BB3C17721A82126A000BA901 /* Info.plist */ = {isa = PBXFileReference; lastKnownFileType = text.plist.xml; path = Info.plist; sourceTree = "<group>"; };
		BB3C17731A82126A000BA901 /* GestureLockTests.m */ = {isa = PBXFileReference; lastKnownFileType = sourcecode.c.objc; path = GestureLockTests.m; sourceTree = "<group>"; };
/* End PBXFileReference section */

/* Begin PBXFrameworksBuildPhase section */
		BB3C17511A82126A000BA901 /* Frameworks */ = {
			isa = PBXFrameworksBuildPhase;
			buildActionMask = 2147483647;
			files = (
			);
			runOnlyForDeploymentPostprocessing = 0;
		};
		BB3C176A1A82126A000BA901 /* Frameworks */ = {
			isa = PBXFrameworksBuildPhase;
			buildActionMask = 2147483647;
			files = (
			);
			runOnlyForDeploymentPostprocessing = 0;
		};
/* End PBXFrameworksBuildPhase section */

/* Begin PBXGroup section */
		BB3C174B1A82126A000BA901 = {
			isa = PBXGroup;
			children = (
				BB3C17561A82126A000BA901 /* GestureLock */,
				BB3C17701A82126A000BA901 /* GestureLockTests */,
				BB3C17551A82126A000BA901 /* Products */,
			);
			sourceTree = "<group>";
		};
		BB3C17551A82126A000BA901 /* Products */ = {
			isa = PBXGroup;
			children = (
				BB3C17541A82126A000BA901 /* GestureLock.app */,
				BB3C176D1A82126A000BA901 /* GestureLockTests.xctest */,
			);
			name = Products;
			sourceTree = "<group>";
		};
		BB3C17561A82126A000BA901 /* GestureLock */ = {
			isa = PBXGroup;
			children = (
				BB3C175B1A82126A000BA901 /* AppDelegate.h */,
				BB3C175C1A82126A000BA901 /* AppDelegate.m */,
				BB3C175E1A82126A000BA901 /* ViewController.h */,
				BB3C175F1A82126A000BA901 /* ViewController.m */,
				BB3C17611A82126A000BA901 /* Main.storyboard */,
				BB3C17641A82126A000BA901 /* Images.xcassets */,
				BB3C17661A82126A000BA901 /* LaunchScreen.xib */,
				BB3C17571A82126A000BA901 /* Supporting Files */,
			);
			path = GestureLock;
			sourceTree = "<group>";
		};
		BB3C17571A82126A000BA901 /* Supporting Files */ = {
			isa = PBXGroup;
			children = (
				BB3C17581A82126A000BA901 /* Info.plist */,
				BB3C17591A82126A000BA901 /* main.m */,
			);
			name = "Supporting Files";
			sourceTree = "<group>";
		};
		BB3C17701A82126A000BA901 /* GestureLockTests */ = {
			isa = PBXGroup;
			children = (
				BB3C17731A82126A000BA901 /* GestureLockTests.m */,
				BB3C17711A82126A000BA901 /* Supporting Files */,
			);
			path = GestureLockTests;
			sourceTree = "<group>";
		};
		BB3C17711A82126A000BA901 /* Supporting Files */ = {
			isa = PBXGroup;
			children = (
				BB3C17721A82126A000BA901 /* Info.plist */,
			);
			name = "Supporting Files";
			sourceTree = "<group>";
		};
/* End PBXGroup section */

/* Begin PBXNativeTarget section */
		BB3C17531A82126A000BA901 /* GestureLock */ = {
			isa = PBXNativeTarget;
			buildConfigurationList = BB3C17771A82126A000BA901 /* Build configuration list for PBXNativeTarget "GestureLock" */;
			buildPhases = (
				BB3C17501A82126A000BA901 /* Sources */,
				BB3C17511A82126A000BA901 /* Frameworks */,
				BB3C17521A82126A000BA901 /* Resources */,
			);
			buildRules = (
			);
			dependencies = (
			);
			name = GestureLock;
			productName = GestureLock;
			productReference = BB3C17541A82126A000BA901 /* GestureLock.app */;
			productType = "com.apple.product-type.application";
		};
		BB3C176C1A82126A000BA901 /* GestureLockTests */ = {
			isa = PBXNativeTarget;
			buildConfigurationList = BB3C177A1A82126A000BA901 /* Build configuration list for PBXNativeTarget "GestureLockTests" */;
			buildPhases = (
				BB3C17691A82126A000BA901 /* Sources */,
				BB3C176A1A82126A000BA901 /* Frameworks */,
				BB3C176B1A82126A000BA901 /* Resources */,
			);
			buildRules = (
			);
			dependencies = (
				BB3C176F1A82126A000BA901 /* PBXTargetDependency */,
			);
			name = GestureLockTests;
			productName = GestureLockTests;
			productReference = BB3C176D1A82126A000BA901 /* GestureLockTests.xctest */;
			productType = "com.apple.product-type.bundle.unit-test";
		};
/* End PBXNativeTarget section */

/* Begin PBXProject section */
		BB3C174C1A82126A000BA901 /* Project object */ = {
			isa = PBXProject;
			attributes = {
				LastUpgradeCheck = 0610;
				ORGANIZATIONNAME = hannah;
				TargetAttributes = {
					BB3C17531A82126A000BA901 = {
						CreatedOnToolsVersion = 6.1.1;
					};
					BB3C176C1A82126A000BA901 = {
						CreatedOnToolsVersion = 6.1.1;
						TestTargetID = BB3C17531A82126A000BA901;
					};
				};
			};
			buildConfigurationList = BB3C174F1A82126A000BA901 /* Build configuration list for PBXProject "GestureLock" */;
			compatibilityVersion = "Xcode 3.2";
			developmentRegion = English;
			hasScannedForEncodings = 0;
			knownRegions = (
				en,
				Base,
			);
			mainGroup = BB3C174B1A82126A000BA901;
			productRefGroup = BB3C17551A82126A000BA901 /* Products */;
			projectDirPath = "";
			projectRoot = "";
			targets = (
				BB3C17531A82126A000BA901 /* GestureLock */,
				BB3C176C1A82126A000BA901 /* GestureLockTests */,
			);
		};
/* End PBXProject section */

/* Begin PBXResourcesBuildPhase section */
		BB3C17521A82126A000BA901 /* Resources */ = {
			isa = PBXResourcesBuildPhase;
			buildActionMask = 2147483647;
			files = (
				BB3C17631A82126A000BA901 /* Main.storyboard in Resources */,
				BB3C17681A82126A000BA901 /* LaunchScreen.xib in Resources */,
				BB3C17651A82126A000BA901 /* Images.xcassets in Resources */,
			);
			runOnlyForDeploymentPostprocessing = 0;
		};
		BB3C176B1A82126A000BA901 /* Resources */ = {
			isa = PBXResourcesBuildPhase;
			buildActionMask = 2147483647;
			files = (
			);
			runOnlyForDeploymentPostprocessing = 0;
		};
/* End PBXResourcesBuildPhase section */

/* Begin PBXSourcesBuildPhase section */
		BB3C17501A82126A000BA901 /* Sources */ = {
			isa = PBXSourcesBuildPhase;
			buildActionMask = 2147483647;
			files = (
				BB3C17601A82126A000BA901 /* ViewController.m in Sources */,
				BB3C175D1A82126A000BA901 /* AppDelegate.m in Sources */,
				BB3C175A1A82126A000BA901 /* main.m in Sources */,
			);
			runOnlyForDeploymentPostprocessing = 0;
		};
		BB3C17691A82126A000BA901 /* Sources */ = {
			isa = PBXSourcesBuildPhase;
			buildActionMask = 2147483647;
			files = (
				BB3C17741A82126A000BA901 /* GestureLockTests.m in Sources */,
			);
			runOnlyForDeploymentPostprocessing = 0;
		};
/* End PBXSourcesBuildPhase section */

/* Begin PBXTargetDependency section */
		BB3C176F1A82126A000BA901 /* PBXTargetDependency */ = {
			isa = PBXTargetDependency;
			target = BB3C17531A82126A000BA901 /* GestureLock */;
			targetProxy = BB3C176E1A82126A000BA901 /* PBXContainerItemProxy */;
		};
/* End PBXTargetDependency section */

/* Begin PBXVariantGroup section */
		BB3C17611A82126A000BA901 /* Main.storyboard */ = {
			isa = PBXVariantGroup;
			children = (
				BB3C17621A82126A000BA901 /* Base */,
			);
			name = Main.storyboard;
			sourceTree = "<group>";
		};
		BB3C17661A82126A000BA901 /* LaunchScreen.xib */ = {
			isa = PBXVariantGroup;
			children = (
				BB3C17671A82126A000BA901 /* Base */,
			);
			name = LaunchScreen.xib;
			sourceTree = "<group>";
		};
/* End PBXVariantGroup section */

/* Begin XCBuildConfiguration section */
		BB3C17751A82126A000BA901 /* Debug */ = {
			isa = XCBuildConfiguration;
			buildSettings = {
				ALWAYS_SEARCH_USER_PATHS = NO;
				CLANG_CXX_LANGUAGE_STANDARD = "gnu++0x";
				CLANG_CXX_LIBRARY = "libc++";
				CLANG_ENABLE_MODULES = YES;
				CLANG_ENABLE_OBJC_ARC = YES;
				CLANG_WARN_BOOL_CONVERSION = YES;
				CLANG_WARN_CONSTANT_CONVERSION = YES;
				CLANG_WARN_DIRECT_OBJC_ISA_USAGE = YES_ERROR;
				CLANG_WARN_EMPTY_BODY = YES;
				CLANG_WARN_ENUM_CONVERSION = YES;
				CLANG_WARN_INT_CONVERSION = YES;
				CLANG_WARN_OBJC_ROOT_CLASS = YES_ERROR;
				CLANG_WARN_UNREACHABLE_CODE = YES;
				CLANG_WARN__DUPLICATE_METHOD_MATCH = YES;
				"CODE_SIGN_IDENTITY[sdk=iphoneos*]" = "iPhone Developer";
				COPY_PHASE_STRIP = NO;
				ENABLE_STRICT_OBJC_MSGSEND = YES;
				GCC_C_LANGUAGE_STANDARD = gnu99;
				GCC_DYNAMIC_NO_PIC = NO;
				GCC_OPTIMIZATION_LEVEL = 0;
				GCC_PREPROCESSOR_DEFINITIONS = (
					"DEBUG=1",
					"$(inherited)",
				);
				GCC_SYMBOLS_PRIVATE_EXTERN = NO;
				GCC_WARN_64_TO_32_BIT_CONVERSION = YES;
				GCC_WARN_ABOUT_RETURN_TYPE = YES_ERROR;
				GCC_WARN_UNDECLARED_SELECTOR = YES;
				GCC_WARN_UNINITIALIZED_AUTOS = YES_AGGRESSIVE;
				GCC_WARN_UNUSED_FUNCTION = YES;
				GCC_WARN_UNUSED_VARIABLE = YES;
				IPHONEOS_DEPLOYMENT_TARGET = 8.1;
				MTL_ENABLE_DEBUG_INFO = YES;
				ONLY_ACTIVE_ARCH = YES;
				SDKROOT = iphoneos;
				TARGETED_DEVICE_FAMILY = "1,2";
			};
			name = Debug;
		};
		BB3C17761A82126A000BA901 /* Release */ = {
			isa = XCBuildConfiguration;
			buildSettings = {
				ALWAYS_SEARCH_USER_PATHS = NO;
				CLANG_CXX_LANGUAGE_STANDARD = "gnu++0x";
				CLANG_CXX_LIBRARY = "libc++";
				CLANG_ENABLE_MODULES = YES;
				CLANG_ENABLE_OBJC_ARC = YES;
				CLANG_WARN_BOOL_CONVERSION = YES;
				CLANG_WARN_CONSTANT_CONVERSION = YES;
				CLANG_WARN_DIRECT_OBJC_ISA_USAGE = YES_ERROR;
				CLANG_WARN_EMPTY_BODY = YES;
				CLANG_WARN_ENUM_CONVERSION = YES;
				CLANG_WARN_INT_CONVERSION = YES;
				CLANG_WARN_OBJC_ROOT_CLASS = YES_ERROR;
				CLANG_WARN_UNREACHABLE_CODE = YES;
				CLANG_WARN__DUPLICATE_METHOD_MATCH = YES;
				"CODE_SIGN_IDENTITY[sdk=iphoneos*]" = "iPhone Developer";
				COPY_PHASE_STRIP = YES;
				ENABLE_NS_ASSERTIONS = NO;
				ENABLE_STRICT_OBJC_MSGSEND = YES;
				GCC_C_LANGUAGE_STANDARD = gnu99;
				GCC_WARN_64_TO_32_BIT_CONVERSION = YES;
				GCC_WARN_ABOUT_RETURN_TYPE = YES_ERROR;
				GCC_WARN_UNDECLARED_SELECTOR = YES;
				GCC_WARN_UNINITIALIZED_AUTOS = YES_AGGRESSIVE;
				GCC_WARN_UNUSED_FUNCTION = YES;
				GCC_WARN_UNUSED_VARIABLE = YES;
				IPHONEOS_DEPLOYMENT_TARGET = 8.1;
				MTL_ENABLE_DEBUG_INFO = NO;
				SDKROOT = iphoneos;
				TARGETED_DEVICE_FAMILY = "1,2";
				VALIDATE_PRODUCT = YES;
			};
			name = Release;
		};
		BB3C17781A82126A000BA901 /* Debug */ = {
			isa = XCBuildConfiguration;
			buildSettings = {
				ASSETCATALOG_COMPILER_APPICON_NAME = AppIcon;
				INFOPLIST_FILE = GestureLock/Info.plist;
				LD_RUNPATH_SEARCH_PATHS = "$(inherited) @executable_path/Frameworks";
				PRODUCT_NAME = "$(TARGET_NAME)";
			};
			name = Debug;
		};
		BB3C17791A82126A000BA901 /* Release */ = {
			isa = XCBuildConfiguration;
			buildSettings = {
				ASSETCATALOG_COMPILER_APPICON_NAME = AppIcon;
				INFOPLIST_FILE = GestureLock/Info.plist;
				LD_RUNPATH_SEARCH_PATHS = "$(inherited) @executable_path/Frameworks";
				PRODUCT_NAME = "$(TARGET_NAME)";
			};
			name = Release;
		};
		BB3C177B1A82126A000BA901 /* Debug */ = {
			isa = XCBuildConfiguration;
			buildSettings = {
				BUNDLE_LOADER = "$(TEST_HOST)";
				FRAMEWORK_SEARCH_PATHS = (
					"$(SDKROOT)/Developer/Library/Frameworks",
					"$(inherited)",
				);
				GCC_PREPROCESSOR_DEFINITIONS = (
					"DEBUG=1",
					"$(inherited)",
				);
				INFOPLIST_FILE = GestureLockTests/Info.plist;
				LD_RUNPATH_SEARCH_PATHS = "$(inherited) @executable_path/Frameworks @loader_path/Frameworks";
				PRODUCT_NAME = "$(TARGET_NAME)";
				TEST_HOST = "$(BUILT_PRODUCTS_DIR)/GestureLock.app/GestureLock";
			};
			name = Debug;
		};
		BB3C177C1A82126A000BA901 /* Release */ = {
			isa = XCBuildConfiguration;
			buildSettings = {
				BUNDLE_LOADER = "$(TEST_HOST)";
				FRAMEWORK_SEARCH_PATHS = (
					"$(SDKROOT)/Developer/Library/Frameworks",
					"$(inherited)",
				);
				INFOPLIST_FILE = GestureLockTests/Info.plist;
				LD_RUNPATH_SEARCH_PATHS = "$(inherited) @executable_path/Frameworks @loader_path/Frameworks";
				PRODUCT_NAME = "$(TARGET_NAME)";
				TEST_HOST = "$(BUILT_PRODUCTS_DIR)/GestureLock.app/GestureLock";
			};
			name = Release;
		};
/* End XCBuildConfiguration section */

/* Begin XCConfigurationList section */
		BB3C174F1A82126A000BA901 /* Build configuration list for PBXProject "GestureLock" */ = {
			isa = XCConfigurationList;
			buildConfigurations = (
				BB3C17751A82126A000BA901 /* Debug */,
				BB3C17761A82126A000BA901 /* Release */,
			);
			defaultConfigurationIsVisible = 0;
			defaultConfigurationName = Release;
		};
		BB3C17771A82126A000BA901 /* Build configuration list for PBXNativeTarget "GestureLock" */ = {
			isa = XCConfigurationList;
			buildConfigurations = (
				BB3C17781A82126A000BA901 /* Debug */,
				BB3C17791A82126A000BA901 /* Release */,
			);
			defaultConfigurationIsVisible = 0;
		};
		BB3C177A1A82126A000BA901 /* Build configuration list for PBXNativeTarget "GestureLockTests" */ = {
			isa = XCConfigurationList;
			buildConfigurations = (
				BB3C177B1A82126A000BA901 /* Debug */,
				BB3C177C1A82126A000BA901 /* Release */,
			);
			defaultConfigurationIsVisible = 0;
		};
/* End XCConfigurationList section */
	};
	rootObject = BB3C174C1A82126A000BA901 /* Project object */;
}
